
Microsoft Visual Studio Solution File, Format Version 12.00
# Visual Studio Version 17
VisualStudioVersion = 17.11.35303.130
MinimumVisualStudioVersion = 10.0.40219.1
Project("{2150E333-8FDC-42A3-9474-1A3956D46DE8}") = "Task0", "Task0", "{B94BC858-A11C-4F99-8F40-6A450B61B984}"
EndProject
Project("{FAE04EC0-301F-11D3-BF4B-00C04F79EFBC}") = "Tyuiu.RotachAO.Sprint3.Task0.V7", "Tyuiu.RotachAO.Sprint3.Task0.V7\Tyuiu.RotachAO.Sprint3.Task0.V7.csproj", "{B069721A-8225-4C52-BBCB-890A23F5685F}"
EndProject
Project("{FAE04EC0-301F-11D3-BF4B-00C04F79EFBC}") = "Tyuiu.RotachAO.Sprint3.Task0.V7.Lib", "Tyuiu.RotachAO.Sprint3.Task0.V7.Lib\Tyuiu.RotachAO.Sprint3.Task0.V7.Lib.csproj", "{69CE3768-08F2-4986-B8FF-BCD410B331E4}"
EndProject
Project("{FAE04EC0-301F-11D3-BF4B-00C04F79EFBC}") = "Tyuiu.RotachAO.Sprint3.Task0.V7.Test", "Tyuiu.RotachAO.Sprint3.Task0.V7.Test\Tyuiu.RotachAO.Sprint3.Task0.V7.Test.csproj", "{E34F344C-9A03-48DC-AA5A-89CEEA4E6CD8}"
EndProject
Project("{2150E333-8FDC-42A3-9474-1A3956D46DE8}") = "Task1", "Task1", "{12066A08-A5CA-45C7-B6A8-9CD152DE397E}"
EndProject
Project("{FAE04EC0-301F-11D3-BF4B-00C04F79EFBC}") = "Tyuiu.RotachAO.Sprint3.Task1.V4", "Tyuiu.RotachAO.Sprint3.Task1.V4\Tyuiu.RotachAO.Sprint3.Task1.V4.csproj", "{99848FF3-31FE-4E41-80FF-2186EBE597FD}"
EndProject
Project("{FAE04EC0-301F-11D3-BF4B-00C04F79EFBC}") = "Tyuiu.RotachAO.Sprint3.Task1.V4.Lib", "Tyuiu.RotachAO.Sprint3.Task1.V4.Lib\Tyuiu.RotachAO.Sprint3.Task1.V4.Lib.csproj", "{17727C47-2664-486B-82BC-8C92906AC8DF}"
EndProject
Project("{FAE04EC0-301F-11D3-BF4B-00C04F79EFBC}") = "Tyuiu.RotachAO.Sprint3.Task1.V4.Test", "Tyuiu.RotachAO.Sprint3.Task1.V4.Test\Tyuiu.RotachAO.Sprint3.Task1.V4.Test.csproj", "{464900C1-1764-42F6-A71E-50C6F1A7350C}"
EndProject
Global
	GlobalSection(SolutionProperties) = preSolution
		HideSolutionNode = FALSE
	EndGlobalSection
	GlobalSection(ExtensibilityGlobals) = postSolution
		SolutionGuid = {7EBFC9F7-CD79-436D-82B4-1DDC2089E47C}
	EndGlobalSection
	GlobalSection(SolutionConfigurationPlatforms) = preSolution
		Debug|Any CPU = Debug|Any CPU
		Debug|x64 = Debug|x64
		Debug|x86 = Debug|x86
		Release|Any CPU = Release|Any CPU
		Release|x64 = Release|x64
		Release|x86 = Release|x86
	EndGlobalSection
	GlobalSection(ProjectConfigurationPlatforms) = postSolution
		{B069721A-8225-4C52-BBCB-890A23F5685F}.Debug|Any CPU.ActiveCfg = Debug|Any CPU
		{B069721A-8225-4C52-BBCB-890A23F5685F}.Debug|Any CPU.Build.0 = Debug|Any CPU
		{B069721A-8225-4C52-BBCB-890A23F5685F}.Debug|x64.ActiveCfg = Debug|Any CPU
		{B069721A-8225-4C52-BBCB-890A23F5685F}.Debug|x64.Build.0 = Debug|Any CPU
		{B069721A-8225-4C52-BBCB-890A23F5685F}.Debug|x86.ActiveCfg = Debug|Any CPU
		{B069721A-8225-4C52-BBCB-890A23F5685F}.Debug|x86.Build.0 = Debug|Any CPU
		{B069721A-8225-4C52-BBCB-890A23F5685F}.Release|Any CPU.ActiveCfg = Release|Any CPU
		{B069721A-8225-4C52-BBCB-890A23F5685F}.Release|Any CPU.Build.0 = Release|Any CPU
		{B069721A-8225-4C52-BBCB-890A23F5685F}.Release|x64.ActiveCfg = Release|Any CPU
		{B069721A-8225-4C52-BBCB-890A23F5685F}.Release|x64.Build.0 = Release|Any CPU
		{B069721A-8225-4C52-BBCB-890A23F5685F}.Release|x86.ActiveCfg = Release|Any CPU
		{B069721A-8225-4C52-BBCB-890A23F5685F}.Release|x86.Build.0 = Release|Any CPU
		{69CE3768-08F2-4986-B8FF-BCD410B331E4}.Debug|Any CPU.ActiveCfg = Debug|Any CPU
		{69CE3768-08F2-4986-B8FF-BCD410B331E4}.Debug|Any CPU.Build.0 = Debug|Any CPU
		{69CE3768-08F2-4986-B8FF-BCD410B331E4}.Debug|x64.ActiveCfg = Debug|Any CPU
		{69CE3768-08F2-4986-B8FF-BCD410B331E4}.Debug|x64.Build.0 = Debug|Any CPU
		{69CE3768-08F2-4986-B8FF-BCD410B331E4}.Debug|x86.ActiveCfg = Debug|Any CPU
		{69CE3768-08F2-4986-B8FF-BCD410B331E4}.Debug|x86.Build.0 = Debug|Any CPU
		{69CE3768-08F2-4986-B8FF-BCD410B331E4}.Release|Any CPU.ActiveCfg = Release|Any CPU
		{69CE3768-08F2-4986-B8FF-BCD410B331E4}.Release|Any CPU.Build.0 = Release|Any CPU
		{69CE3768-08F2-4986-B8FF-BCD410B331E4}.Release|x64.ActiveCfg = Release|Any CPU
		{69CE3768-08F2-4986-B8FF-BCD410B331E4}.Release|x64.Build.0 = Release|Any CPU
		{69CE3768-08F2-4986-B8FF-BCD410B331E4}.Release|x86.ActiveCfg = Release|Any CPU
		{69CE3768-08F2-4986-B8FF-BCD410B331E4}.Release|x86.Build.0 = Release|Any CPU
		{E34F344C-9A03-48DC-AA5A-89CEEA4E6CD8}.Debug|Any CPU.ActiveCfg = Debug|Any CPU
		{E34F344C-9A03-48DC-AA5A-89CEEA4E6CD8}.Debug|Any CPU.Build.0 = Debug|Any CPU
		{E34F344C-9A03-48DC-AA5A-89CEEA4E6CD8}.Debug|x64.ActiveCfg = Debug|Any CPU
		{E34F344C-9A03-48DC-AA5A-89CEEA4E6CD8}.Debug|x64.Build.0 = Debug|Any CPU
		{E34F344C-9A03-48DC-AA5A-89CEEA4E6CD8}.Debug|x86.ActiveCfg = Debug|Any CPU
		{E34F344C-9A03-48DC-AA5A-89CEEA4E6CD8}.Debug|x86.Build.0 = Debug|Any CPU
		{E34F344C-9A03-48DC-AA5A-89CEEA4E6CD8}.Release|Any CPU.ActiveCfg = Release|Any CPU
		{E34F344C-9A03-48DC-AA5A-89CEEA4E6CD8}.Release|Any CPU.Build.0 = Release|Any CPU
		{E34F344C-9A03-48DC-AA5A-89CEEA4E6CD8}.Release|x64.ActiveCfg = Release|Any CPU
		{E34F344C-9A03-48DC-AA5A-89CEEA4E6CD8}.Release|x64.Build.0 = Release|Any CPU
		{E34F344C-9A03-48DC-AA5A-89CEEA4E6CD8}.Release|x86.ActiveCfg = Release|Any CPU
		{E34F344C-9A03-48DC-AA5A-89CEEA4E6CD8}.Release|x86.Build.0 = Release|Any CPU
		{99848FF3-31FE-4E41-80FF-2186EBE597FD}.Debug|Any CPU.ActiveCfg = Debug|Any CPU
		{99848FF3-31FE-4E41-80FF-2186EBE597FD}.Debug|Any CPU.Build.0 = Debug|Any CPU
		{99848FF3-31FE-4E41-80FF-2186EBE597FD}.Debug|x64.ActiveCfg = Debug|Any CPU
		{99848FF3-31FE-4E41-80FF-2186EBE597FD}.Debug|x64.Build.0 = Debug|Any CPU
		{99848FF3-31FE-4E41-80FF-2186EBE597FD}.Debug|x86.ActiveCfg = Debug|Any CPU
		{99848FF3-31FE-4E41-80FF-2186EBE597FD}.Debug|x86.Build.0 = Debug|Any CPU
		{99848FF3-31FE-4E41-80FF-2186EBE597FD}.Release|Any CPU.ActiveCfg = Release|Any CPU
		{99848FF3-31FE-4E41-80FF-2186EBE597FD}.Release|Any CPU.Build.0 = Release|Any CPU
		{99848FF3-31FE-4E41-80FF-2186EBE597FD}.Release|x64.ActiveCfg = Release|Any CPU
		{99848FF3-31FE-4E41-80FF-2186EBE597FD}.Release|x64.Build.0 = Release|Any CPU
		{99848FF3-31FE-4E41-80FF-2186EBE597FD}.Release|x86.ActiveCfg = Release|Any CPU
		{99848FF3-31FE-4E41-80FF-2186EBE597FD}.Release|x86.Build.0 = Release|Any CPU
		{17727C47-2664-486B-82BC-8C92906AC8DF}.Debug|Any CPU.ActiveCfg = Debug|Any CPU
		{17727C47-2664-486B-82BC-8C92906AC8DF}.Debug|Any CPU.Build.0 = Debug|Any CPU
		{17727C47-2664-486B-82BC-8C92906AC8DF}.Debug|x64.ActiveCfg = Debug|Any CPU
		{17727C47-2664-486B-82BC-8C92906AC8DF}.Debug|x64.Build.0 = Debug|Any CPU
		{17727C47-2664-486B-82BC-8C92906AC8DF}.Debug|x86.ActiveCfg = Debug|Any CPU
		{17727C47-2664-486B-82BC-8C92906AC8DF}.Debug|x86.Build.0 = Debug|Any CPU
		{17727C47-2664-486B-82BC-8C92906AC8DF}.Release|Any CPU.ActiveCfg = Release|Any CPU
		{17727C47-2664-486B-82BC-8C92906AC8DF}.Release|Any CPU.Build.0 = Release|Any CPU
		{17727C47-2664-486B-82BC-8C92906AC8DF}.Release|x64.ActiveCfg = Release|Any CPU
		{17727C47-2664-486B-82BC-8C92906AC8DF}.Release|x64.Build.0 = Release|Any CPU
		{17727C47-2664-486B-82BC-8C92906AC8DF}.Release|x86.ActiveCfg = Release|Any CPU
		{17727C47-2664-486B-82BC-8C92906AC8DF}.Release|x86.Build.0 = Release|Any CPU
		{464900C1-1764-42F6-A71E-50C6F1A7350C}.Debug|Any CPU.ActiveCfg = Debug|Any CPU
		{464900C1-1764-42F6-A71E-50C6F1A7350C}.Debug|Any CPU.Build.0 = Debug|Any CPU
		{464900C1-1764-42F6-A71E-50C6F1A7350C}.Debug|x64.ActiveCfg = Debug|Any CPU
		{464900C1-1764-42F6-A71E-50C6F1A7350C}.Debug|x64.Build.0 = Debug|Any CPU
		{464900C1-1764-42F6-A71E-50C6F1A7350C}.Debug|x86.ActiveCfg = Debug|Any CPU
		{464900C1-1764-42F6-A71E-50C6F1A7350C}.Debug|x86.Build.0 = Debug|Any CPU
		{464900C1-1764-42F6-A71E-50C6F1A7350C}.Release|Any CPU.ActiveCfg = Release|Any CPU
		{464900C1-1764-42F6-A71E-50C6F1A7350C}.Release|Any CPU.Build.0 = Release|Any CPU
		{464900C1-1764-42F6-A71E-50C6F1A7350C}.Release|x64.ActiveCfg = Release|Any CPU
		{464900C1-1764-42F6-A71E-50C6F1A7350C}.Release|x64.Build.0 = Release|Any CPU
		{464900C1-1764-42F6-A71E-50C6F1A7350C}.Release|x86.ActiveCfg = Release|Any CPU
		{464900C1-1764-42F6-A71E-50C6F1A7350C}.Release|x86.Build.0 = Release|Any CPU
	EndGlobalSection
	GlobalSection(NestedProjects) = preSolution
		{B069721A-8225-4C52-BBCB-890A23F5685F} = {B94BC858-A11C-4F99-8F40-6A450B61B984}
		{69CE3768-08F2-4986-B8FF-BCD410B331E4} = {B94BC858-A11C-4F99-8F40-6A450B61B984}
		{E34F344C-9A03-48DC-AA5A-89CEEA4E6CD8} = {B94BC858-A11C-4F99-8F40-6A450B61B984}
		{99848FF3-31FE-4E41-80FF-2186EBE597FD} = {12066A08-A5CA-45C7-B6A8-9CD152DE397E}
		{17727C47-2664-486B-82BC-8C92906AC8DF} = {12066A08-A5CA-45C7-B6A8-9CD152DE397E}
		{464900C1-1764-42F6-A71E-50C6F1A7350C} = {12066A08-A5CA-45C7-B6A8-9CD152DE397E}
	EndGlobalSection
EndGlobal
