
Microsoft Visual Studio Solution File, Format Version 12.00
# Visual Studio Version 17
VisualStudioVersion = 17.11.35303.130
MinimumVisualStudioVersion = 10.0.40219.1
Project("{2150E333-8FDC-42A3-9474-1A3956D46DE8}") = "Task0", "Task0", "{B94BC858-A11C-4F99-8F40-6A450B61B984}"
EndProject
Project("{9A19103F-16F7-4668-BE54-9A1E7A4F7556}") = "Tyuiu.RotachAO.Sprint3.Task0.V7", "Tyuiu.RotachAO.Sprint3.Task0.V7\Tyuiu.RotachAO.Sprint3.Task0.V7.csproj", "{B069721A-8225-4C52-BBCB-890A23F5685F}"
EndProject
Project("{9A19103F-16F7-4668-BE54-9A1E7A4F7556}") = "Tyuiu.RotachAO.Sprint3.Task0.V7.Lib", "Tyuiu.RotachAO.Sprint3.Task0.V7.Lib\Tyuiu.RotachAO.Sprint3.Task0.V7.Lib.csproj", "{69CE3768-08F2-4986-B8FF-BCD410B331E4}"
EndProject
Project("{9A19103F-16F7-4668-BE54-9A1E7A4F7556}") = "Tyuiu.RotachAO.Sprint3.Task0.V7.Test", "Tyuiu.RotachAO.Sprint3.Task0.V7.Test\Tyuiu.RotachAO.Sprint3.Task0.V7.Test.csproj", "{E34F344C-9A03-48DC-AA5A-89CEEA4E6CD8}"
EndProject
Project("{2150E333-8FDC-42A3-9474-1A3956D46DE8}") = "Task1", "Task1", "{12066A08-A5CA-45C7-B6A8-9CD152DE397E}"
EndProject
Project("{9A19103F-16F7-4668-BE54-9A1E7A4F7556}") = "Tyuiu.RotachAO.Sprint3.Task1.V4", "Tyuiu.RotachAO.Sprint3.Task1.V4\Tyuiu.RotachAO.Sprint3.Task1.V4.csproj", "{99848FF3-31FE-4E41-80FF-2186EBE597FD}"
EndProject
Project("{9A19103F-16F7-4668-BE54-9A1E7A4F7556}") = "Tyuiu.RotachAO.Sprint3.Task1.V4.Lib", "Tyuiu.RotachAO.Sprint3.Task1.V4.Lib\Tyuiu.RotachAO.Sprint3.Task1.V4.Lib.csproj", "{17727C47-2664-486B-82BC-8C92906AC8DF}"
EndProject
Project("{9A19103F-16F7-4668-BE54-9A1E7A4F7556}") = "Tyuiu.RotachAO.Sprint3.Task1.V4.Test", "Tyuiu.RotachAO.Sprint3.Task1.V4.Test\Tyuiu.RotachAO.Sprint3.Task1.V4.Test.csproj", "{464900C1-1764-42F6-A71E-50C6F1A7350C}"
EndProject
Project("{2150E333-8FDC-42A3-9474-1A3956D46DE8}") = "Task2", "Task2", "{BCAB9876-729D-4A58-83F4-CCE3968FDFD0}"
EndProject
Project("{9A19103F-16F7-4668-BE54-9A1E7A4F7556}") = "Tyuiu.RotachAO.Sprint3.Task2.V19", "Tyuiu.RotachAO.Sprint3.Task2.V19\Tyuiu.RotachAO.Sprint3.Task2.V19.csproj", "{E1F8084C-EF62-45F8-9F16-713B80EBCFB0}"
EndProject
Project("{9A19103F-16F7-4668-BE54-9A1E7A4F7556}") = "Tyuiu.RotachAO.Sprint3.Task2.V19.Lib", "Tyuiu.RotachAO.Sprint3.Task2.V19.Lib\Tyuiu.RotachAO.Sprint3.Task2.V19.Lib.csproj", "{360EDEA4-1C97-4B0B-B430-5C3DAD39E071}"
EndProject
Project("{9A19103F-16F7-4668-BE54-9A1E7A4F7556}") = "Tyuiu.RotachAO.Sprint3.Task2.V19.Test", "Tyuiu.RotachAO.Sprint3.Task2.V19.Test\Tyuiu.RotachAO.Sprint3.Task2.V19.Test.csproj", "{F4A0EC31-9344-43E2-AD56-9189C8BEF552}"
EndProject
Project("{2150E333-8FDC-42A3-9474-1A3956D46DE8}") = "Task3", "Task3", "{E9C6A397-1239-4C6D-9C61-EA5A623938F9}"
EndProject
Project("{9A19103F-16F7-4668-BE54-9A1E7A4F7556}") = "Tyuiu.RotachAO.Sprint3.Task3.V15", "Tyuiu.RotachAO.Sprint3.Task3.V15\Tyuiu.RotachAO.Sprint3.Task3.V15.csproj", "{4FE05739-9742-4FA7-B4FD-A7C04B827C5A}"
EndProject
Project("{9A19103F-16F7-4668-BE54-9A1E7A4F7556}") = "Tyuiu.RotachAO.Sprint3.Task3.V15.Lib", "Tyuiu.RotachAO.Sprint3.Task3.V15.Lib\Tyuiu.RotachAO.Sprint3.Task3.V15.Lib.csproj", "{2B494CE9-B427-4E09-8AD5-EDD91A3F6D88}"
EndProject
Project("{9A19103F-16F7-4668-BE54-9A1E7A4F7556}") = "Tyuiu.RotachAO.Sprint3.Task3.V15.Test", "Tyuiu.RotachAO.Sprint3.Task3.V15.Test\Tyuiu.RotachAO.Sprint3.Task3.V15.Test.csproj", "{26875BDD-4880-4367-AFE1-F3BA3BF0AE4C}"
EndProject
Project("{2150E333-8FDC-42A3-9474-1A3956D46DE8}") = "Task4", "Task4", "{E15A8367-68C5-4924-8847-860CFEE1E655}"
EndProject
Project("{9A19103F-16F7-4668-BE54-9A1E7A4F7556}") = "Tyuiu.RotachAO.Sprint3.Task4.V6", "Tyuiu.RotachAO.Sprint3.Task4.V6\Tyuiu.RotachAO.Sprint3.Task4.V6.csproj", "{07715F64-3E50-49DE-A0B7-E4C98C7F4671}"
EndProject
Project("{9A19103F-16F7-4668-BE54-9A1E7A4F7556}") = "Tyuiu.RotachAO.Sprint3.Task4.V6.Lib", "Tyuiu.RotachAO.Sprint3.Task4.V6.Lib\Tyuiu.RotachAO.Sprint3.Task4.V6.Lib.csproj", "{98B8B918-EF89-4C3B-8093-1E067537D91C}"
EndProject
Project("{9A19103F-16F7-4668-BE54-9A1E7A4F7556}") = "Tyuiu.RotachAO.Sprint3.Task4.V6.Test", "Tyuiu.RotachAO.Sprint3.Task4.V6.Test\Tyuiu.RotachAO.Sprint3.Task4.V6.Test.csproj", "{9F59647E-2DDF-411A-8F83-9298E7A4F389}"
EndProject
Project("{2150E333-8FDC-42A3-9474-1A3956D46DE8}") = "Task5", "Task5", "{4412CFE0-8B24-42BE-A715-BA2DF20368B6}"
EndProject
Project("{9A19103F-16F7-4668-BE54-9A1E7A4F7556}") = "Tyuiu.RotachAO.Sprint3.Task5.V28", "Tyuiu.RotachAO.Sprint3.Task5.V28\Tyuiu.RotachAO.Sprint3.Task5.V28.csproj", "{BA4C65D8-C3CC-4E21-A77B-32334F0BEA69}"
EndProject
Project("{9A19103F-16F7-4668-BE54-9A1E7A4F7556}") = "Tyuiu.RotachAO.Sprint3.Task5.V28.Lib", "Tyuiu.RotachAO.Sprint3.Task5.V28.Lib\Tyuiu.RotachAO.Sprint3.Task5.V28.Lib.csproj", "{E4A4C883-7FB8-4DFD-81E4-F4F6F894B29F}"
EndProject
Project("{9A19103F-16F7-4668-BE54-9A1E7A4F7556}") = "Tyuiu.RotachAO.Sprint3.Task5.V28.Test", "Tyuiu.RotachAO.Sprint3.Task5.V28.Test\Tyuiu.RotachAO.Sprint3.Task5.V28.Test.csproj", "{85485534-E1EE-4EB1-BC2A-48EB82F3EAE5}"
EndProject
Project("{2150E333-8FDC-42A3-9474-1A3956D46DE8}") = "Task6", "Task6", "{317D39B1-CCBE-4A8E-9BAA-EDBCCE60A52A}"
EndProject
Project("{9A19103F-16F7-4668-BE54-9A1E7A4F7556}") = "Tyuiu.RotachAO.Sprint3.Task6.V18", "Tyuiu.RotachAO.Sprint3.Task6.V18\Tyuiu.RotachAO.Sprint3.Task6.V18.csproj", "{8C33E7F3-2093-4479-8399-07DB1D8FEAD8}"
EndProject
Project("{9A19103F-16F7-4668-BE54-9A1E7A4F7556}") = "Tyuiu.RotachAO.Sprint3.Task6.V18.Lib", "Tyuiu.RotachAO.Sprint3.Task6.V18.Lib\Tyuiu.RotachAO.Sprint3.Task6.V18.Lib.csproj", "{BFC464AB-2292-4EAE-8714-E813CC55C87C}"
EndProject
Project("{9A19103F-16F7-4668-BE54-9A1E7A4F7556}") = "Tyuiu.RotachAO.Sprint3.Task6.V18.Test", "Tyuiu.RotachAO.Sprint3.Task6.V18.Test\Tyuiu.RotachAO.Sprint3.Task6.V18.Test.csproj", "{5589283E-98C3-47D1-A109-66279AEDA94B}"
EndProject
Global
	GlobalSection(SolutionConfigurationPlatforms) = preSolution
		Debug|Any CPU = Debug|Any CPU
		Debug|x64 = Debug|x64
		Debug|x86 = Debug|x86
		Release|Any CPU = Release|Any CPU
		Release|x64 = Release|x64
		Release|x86 = Release|x86
	EndGlobalSection
	GlobalSection(ProjectConfigurationPlatforms) = postSolution
		{B069721A-8225-4C52-BBCB-890A23F5685F}.Debug|Any CPU.ActiveCfg = Debug|Any CPU
		{B069721A-8225-4C52-BBCB-890A23F5685F}.Debug|Any CPU.Build.0 = Debug|Any CPU
		{B069721A-8225-4C52-BBCB-890A23F5685F}.Debug|x64.ActiveCfg = Debug|Any CPU
		{B069721A-8225-4C52-BBCB-890A23F5685F}.Debug|x64.Build.0 = Debug|Any CPU
		{B069721A-8225-4C52-BBCB-890A23F5685F}.Debug|x86.ActiveCfg = Debug|Any CPU
		{B069721A-8225-4C52-BBCB-890A23F5685F}.Debug|x86.Build.0 = Debug|Any CPU
		{B069721A-8225-4C52-BBCB-890A23F5685F}.Release|Any CPU.ActiveCfg = Release|Any CPU
		{B069721A-8225-4C52-BBCB-890A23F5685F}.Release|Any CPU.Build.0 = Release|Any CPU
		{B069721A-8225-4C52-BBCB-890A23F5685F}.Release|x64.ActiveCfg = Release|Any CPU
		{B069721A-8225-4C52-BBCB-890A23F5685F}.Release|x64.Build.0 = Release|Any CPU
		{B069721A-8225-4C52-BBCB-890A23F5685F}.Release|x86.ActiveCfg = Release|Any CPU
		{B069721A-8225-4C52-BBCB-890A23F5685F}.Release|x86.Build.0 = Release|Any CPU
		{69CE3768-08F2-4986-B8FF-BCD410B331E4}.Debug|Any CPU.ActiveCfg = Debug|Any CPU
		{69CE3768-08F2-4986-B8FF-BCD410B331E4}.Debug|Any CPU.Build.0 = Debug|Any CPU
		{69CE3768-08F2-4986-B8FF-BCD410B331E4}.Debug|x64.ActiveCfg = Debug|Any CPU
		{69CE3768-08F2-4986-B8FF-BCD410B331E4}.Debug|x64.Build.0 = Debug|Any CPU
		{69CE3768-08F2-4986-B8FF-BCD410B331E4}.Debug|x86.ActiveCfg = Debug|Any CPU
		{69CE3768-08F2-4986-B8FF-BCD410B331E4}.Debug|x86.Build.0 = Debug|Any CPU
		{69CE3768-08F2-4986-B8FF-BCD410B331E4}.Release|Any CPU.ActiveCfg = Release|Any CPU
		{69CE3768-08F2-4986-B8FF-BCD410B331E4}.Release|Any CPU.Build.0 = Release|Any CPU
		{69CE3768-08F2-4986-B8FF-BCD410B331E4}.Release|x64.ActiveCfg = Release|Any CPU
		{69CE3768-08F2-4986-B8FF-BCD410B331E4}.Release|x64.Build.0 = Release|Any CPU
		{69CE3768-08F2-4986-B8FF-BCD410B331E4}.Release|x86.ActiveCfg = Release|Any CPU
		{69CE3768-08F2-4986-B8FF-BCD410B331E4}.Release|x86.Build.0 = Release|Any CPU
		{E34F344C-9A03-48DC-AA5A-89CEEA4E6CD8}.Debug|Any CPU.ActiveCfg = Debug|Any CPU
		{E34F344C-9A03-48DC-AA5A-89CEEA4E6CD8}.Debug|Any CPU.Build.0 = Debug|Any CPU
		{E34F344C-9A03-48DC-AA5A-89CEEA4E6CD8}.Debug|x64.ActiveCfg = Debug|Any CPU
		{E34F344C-9A03-48DC-AA5A-89CEEA4E6CD8}.Debug|x64.Build.0 = Debug|Any CPU
		{E34F344C-9A03-48DC-AA5A-89CEEA4E6CD8}.Debug|x86.ActiveCfg = Debug|Any CPU
		{E34F344C-9A03-48DC-AA5A-89CEEA4E6CD8}.Debug|x86.Build.0 = Debug|Any CPU
		{E34F344C-9A03-48DC-AA5A-89CEEA4E6CD8}.Release|Any CPU.ActiveCfg = Release|Any CPU
		{E34F344C-9A03-48DC-AA5A-89CEEA4E6CD8}.Release|Any CPU.Build.0 = Release|Any CPU
		{E34F344C-9A03-48DC-AA5A-89CEEA4E6CD8}.Release|x64.ActiveCfg = Release|Any CPU
		{E34F344C-9A03-48DC-AA5A-89CEEA4E6CD8}.Release|x64.Build.0 = Release|Any CPU
		{E34F344C-9A03-48DC-AA5A-89CEEA4E6CD8}.Release|x86.ActiveCfg = Release|Any CPU
		{E34F344C-9A03-48DC-AA5A-89CEEA4E6CD8}.Release|x86.Build.0 = Release|Any CPU
		{99848FF3-31FE-4E41-80FF-2186EBE597FD}.Debug|Any CPU.ActiveCfg = Debug|Any CPU
		{99848FF3-31FE-4E41-80FF-2186EBE597FD}.Debug|Any CPU.Build.0 = Debug|Any CPU
		{99848FF3-31FE-4E41-80FF-2186EBE597FD}.Debug|x64.ActiveCfg = Debug|Any CPU
		{99848FF3-31FE-4E41-80FF-2186EBE597FD}.Debug|x64.Build.0 = Debug|Any CPU
		{99848FF3-31FE-4E41-80FF-2186EBE597FD}.Debug|x86.ActiveCfg = Debug|Any CPU
		{99848FF3-31FE-4E41-80FF-2186EBE597FD}.Debug|x86.Build.0 = Debug|Any CPU
		{99848FF3-31FE-4E41-80FF-2186EBE597FD}.Release|Any CPU.ActiveCfg = Release|Any CPU
		{99848FF3-31FE-4E41-80FF-2186EBE597FD}.Release|Any CPU.Build.0 = Release|Any CPU
		{99848FF3-31FE-4E41-80FF-2186EBE597FD}.Release|x64.ActiveCfg = Release|Any CPU
		{99848FF3-31FE-4E41-80FF-2186EBE597FD}.Release|x64.Build.0 = Release|Any CPU
		{99848FF3-31FE-4E41-80FF-2186EBE597FD}.Release|x86.ActiveCfg = Release|Any CPU
		{99848FF3-31FE-4E41-80FF-2186EBE597FD}.Release|x86.Build.0 = Release|Any CPU
		{17727C47-2664-486B-82BC-8C92906AC8DF}.Debug|Any CPU.ActiveCfg = Debug|Any CPU
		{17727C47-2664-486B-82BC-8C92906AC8DF}.Debug|Any CPU.Build.0 = Debug|Any CPU
		{17727C47-2664-486B-82BC-8C92906AC8DF}.Debug|x64.ActiveCfg = Debug|Any CPU
		{17727C47-2664-486B-82BC-8C92906AC8DF}.Debug|x64.Build.0 = Debug|Any CPU
		{17727C47-2664-486B-82BC-8C92906AC8DF}.Debug|x86.ActiveCfg = Debug|Any CPU
		{17727C47-2664-486B-82BC-8C92906AC8DF}.Debug|x86.Build.0 = Debug|Any CPU
		{17727C47-2664-486B-82BC-8C92906AC8DF}.Release|Any CPU.ActiveCfg = Release|Any CPU
		{17727C47-2664-486B-82BC-8C92906AC8DF}.Release|Any CPU.Build.0 = Release|Any CPU
		{17727C47-2664-486B-82BC-8C92906AC8DF}.Release|x64.ActiveCfg = Release|Any CPU
		{17727C47-2664-486B-82BC-8C92906AC8DF}.Release|x64.Build.0 = Release|Any CPU
		{17727C47-2664-486B-82BC-8C92906AC8DF}.Release|x86.ActiveCfg = Release|Any CPU
		{17727C47-2664-486B-82BC-8C92906AC8DF}.Release|x86.Build.0 = Release|Any CPU
		{464900C1-1764-42F6-A71E-50C6F1A7350C}.Debug|Any CPU.ActiveCfg = Debug|Any CPU
		{464900C1-1764-42F6-A71E-50C6F1A7350C}.Debug|Any CPU.Build.0 = Debug|Any CPU
		{464900C1-1764-42F6-A71E-50C6F1A7350C}.Debug|x64.ActiveCfg = Debug|Any CPU
		{464900C1-1764-42F6-A71E-50C6F1A7350C}.Debug|x64.Build.0 = Debug|Any CPU
		{464900C1-1764-42F6-A71E-50C6F1A7350C}.Debug|x86.ActiveCfg = Debug|Any CPU
		{464900C1-1764-42F6-A71E-50C6F1A7350C}.Debug|x86.Build.0 = Debug|Any CPU
		{464900C1-1764-42F6-A71E-50C6F1A7350C}.Release|Any CPU.ActiveCfg = Release|Any CPU
		{464900C1-1764-42F6-A71E-50C6F1A7350C}.Release|Any CPU.Build.0 = Release|Any CPU
		{464900C1-1764-42F6-A71E-50C6F1A7350C}.Release|x64.ActiveCfg = Release|Any CPU
		{464900C1-1764-42F6-A71E-50C6F1A7350C}.Release|x64.Build.0 = Release|Any CPU
		{464900C1-1764-42F6-A71E-50C6F1A7350C}.Release|x86.ActiveCfg = Release|Any CPU
		{464900C1-1764-42F6-A71E-50C6F1A7350C}.Release|x86.Build.0 = Release|Any CPU
		{E1F8084C-EF62-45F8-9F16-713B80EBCFB0}.Debug|Any CPU.ActiveCfg = Debug|Any CPU
		{E1F8084C-EF62-45F8-9F16-713B80EBCFB0}.Debug|Any CPU.Build.0 = Debug|Any CPU
		{E1F8084C-EF62-45F8-9F16-713B80EBCFB0}.Debug|x64.ActiveCfg = Debug|Any CPU
		{E1F8084C-EF62-45F8-9F16-713B80EBCFB0}.Debug|x64.Build.0 = Debug|Any CPU
		{E1F8084C-EF62-45F8-9F16-713B80EBCFB0}.Debug|x86.ActiveCfg = Debug|Any CPU
		{E1F8084C-EF62-45F8-9F16-713B80EBCFB0}.Debug|x86.Build.0 = Debug|Any CPU
		{E1F8084C-EF62-45F8-9F16-713B80EBCFB0}.Release|Any CPU.ActiveCfg = Release|Any CPU
		{E1F8084C-EF62-45F8-9F16-713B80EBCFB0}.Release|Any CPU.Build.0 = Release|Any CPU
		{E1F8084C-EF62-45F8-9F16-713B80EBCFB0}.Release|x64.ActiveCfg = Release|Any CPU
		{E1F8084C-EF62-45F8-9F16-713B80EBCFB0}.Release|x64.Build.0 = Release|Any CPU
		{E1F8084C-EF62-45F8-9F16-713B80EBCFB0}.Release|x86.ActiveCfg = Release|Any CPU
		{E1F8084C-EF62-45F8-9F16-713B80EBCFB0}.Release|x86.Build.0 = Release|Any CPU
		{360EDEA4-1C97-4B0B-B430-5C3DAD39E071}.Debug|Any CPU.ActiveCfg = Debug|Any CPU
		{360EDEA4-1C97-4B0B-B430-5C3DAD39E071}.Debug|Any CPU.Build.0 = Debug|Any CPU
		{360EDEA4-1C97-4B0B-B430-5C3DAD39E071}.Debug|x64.ActiveCfg = Debug|Any CPU
		{360EDEA4-1C97-4B0B-B430-5C3DAD39E071}.Debug|x64.Build.0 = Debug|Any CPU
		{360EDEA4-1C97-4B0B-B430-5C3DAD39E071}.Debug|x86.ActiveCfg = Debug|Any CPU
		{360EDEA4-1C97-4B0B-B430-5C3DAD39E071}.Debug|x86.Build.0 = Debug|Any CPU
		{360EDEA4-1C97-4B0B-B430-5C3DAD39E071}.Release|Any CPU.ActiveCfg = Release|Any CPU
		{360EDEA4-1C97-4B0B-B430-5C3DAD39E071}.Release|Any CPU.Build.0 = Release|Any CPU
		{360EDEA4-1C97-4B0B-B430-5C3DAD39E071}.Release|x64.ActiveCfg = Release|Any CPU
		{360EDEA4-1C97-4B0B-B430-5C3DAD39E071}.Release|x64.Build.0 = Release|Any CPU
		{360EDEA4-1C97-4B0B-B430-5C3DAD39E071}.Release|x86.ActiveCfg = Release|Any CPU
		{360EDEA4-1C97-4B0B-B430-5C3DAD39E071}.Release|x86.Build.0 = Release|Any CPU
		{F4A0EC31-9344-43E2-AD56-9189C8BEF552}.Debug|Any CPU.ActiveCfg = Debug|Any CPU
		{F4A0EC31-9344-43E2-AD56-9189C8BEF552}.Debug|Any CPU.Build.0 = Debug|Any CPU
		{F4A0EC31-9344-43E2-AD56-9189C8BEF552}.Debug|x64.ActiveCfg = Debug|Any CPU
		{F4A0EC31-9344-43E2-AD56-9189C8BEF552}.Debug|x64.Build.0 = Debug|Any CPU
		{F4A0EC31-9344-43E2-AD56-9189C8BEF552}.Debug|x86.ActiveCfg = Debug|Any CPU
		{F4A0EC31-9344-43E2-AD56-9189C8BEF552}.Debug|x86.Build.0 = Debug|Any CPU
		{F4A0EC31-9344-43E2-AD56-9189C8BEF552}.Release|Any CPU.ActiveCfg = Release|Any CPU
		{F4A0EC31-9344-43E2-AD56-9189C8BEF552}.Release|Any CPU.Build.0 = Release|Any CPU
		{F4A0EC31-9344-43E2-AD56-9189C8BEF552}.Release|x64.ActiveCfg = Release|Any CPU
		{F4A0EC31-9344-43E2-AD56-9189C8BEF552}.Release|x64.Build.0 = Release|Any CPU
		{F4A0EC31-9344-43E2-AD56-9189C8BEF552}.Release|x86.ActiveCfg = Release|Any CPU
		{F4A0EC31-9344-43E2-AD56-9189C8BEF552}.Release|x86.Build.0 = Release|Any CPU
		{4FE05739-9742-4FA7-B4FD-A7C04B827C5A}.Debug|Any CPU.ActiveCfg = Debug|Any CPU
		{4FE05739-9742-4FA7-B4FD-A7C04B827C5A}.Debug|Any CPU.Build.0 = Debug|Any CPU
		{4FE05739-9742-4FA7-B4FD-A7C04B827C5A}.Debug|x64.ActiveCfg = Debug|Any CPU
		{4FE05739-9742-4FA7-B4FD-A7C04B827C5A}.Debug|x64.Build.0 = Debug|Any CPU
		{4FE05739-9742-4FA7-B4FD-A7C04B827C5A}.Debug|x86.ActiveCfg = Debug|Any CPU
		{4FE05739-9742-4FA7-B4FD-A7C04B827C5A}.Debug|x86.Build.0 = Debug|Any CPU
		{4FE05739-9742-4FA7-B4FD-A7C04B827C5A}.Release|Any CPU.ActiveCfg = Release|Any CPU
		{4FE05739-9742-4FA7-B4FD-A7C04B827C5A}.Release|Any CPU.Build.0 = Release|Any CPU
		{4FE05739-9742-4FA7-B4FD-A7C04B827C5A}.Release|x64.ActiveCfg = Release|Any CPU
		{4FE05739-9742-4FA7-B4FD-A7C04B827C5A}.Release|x64.Build.0 = Release|Any CPU
		{4FE05739-9742-4FA7-B4FD-A7C04B827C5A}.Release|x86.ActiveCfg = Release|Any CPU
		{4FE05739-9742-4FA7-B4FD-A7C04B827C5A}.Release|x86.Build.0 = Release|Any CPU
		{2B494CE9-B427-4E09-8AD5-EDD91A3F6D88}.Debug|Any CPU.ActiveCfg = Debug|Any CPU
		{2B494CE9-B427-4E09-8AD5-EDD91A3F6D88}.Debug|Any CPU.Build.0 = Debug|Any CPU
		{2B494CE9-B427-4E09-8AD5-EDD91A3F6D88}.Debug|x64.ActiveCfg = Debug|Any CPU
		{2B494CE9-B427-4E09-8AD5-EDD91A3F6D88}.Debug|x64.Build.0 = Debug|Any CPU
		{2B494CE9-B427-4E09-8AD5-EDD91A3F6D88}.Debug|x86.ActiveCfg = Debug|Any CPU
		{2B494CE9-B427-4E09-8AD5-EDD91A3F6D88}.Debug|x86.Build.0 = Debug|Any CPU
		{2B494CE9-B427-4E09-8AD5-EDD91A3F6D88}.Release|Any CPU.ActiveCfg = Release|Any CPU
		{2B494CE9-B427-4E09-8AD5-EDD91A3F6D88}.Release|Any CPU.Build.0 = Release|Any CPU
		{2B494CE9-B427-4E09-8AD5-EDD91A3F6D88}.Release|x64.ActiveCfg = Release|Any CPU
		{2B494CE9-B427-4E09-8AD5-EDD91A3F6D88}.Release|x64.Build.0 = Release|Any CPU
		{2B494CE9-B427-4E09-8AD5-EDD91A3F6D88}.Release|x86.ActiveCfg = Release|Any CPU
		{2B494CE9-B427-4E09-8AD5-EDD91A3F6D88}.Release|x86.Build.0 = Release|Any CPU
		{26875BDD-4880-4367-AFE1-F3BA3BF0AE4C}.Debug|Any CPU.ActiveCfg = Debug|Any CPU
		{26875BDD-4880-4367-AFE1-F3BA3BF0AE4C}.Debug|Any CPU.Build.0 = Debug|Any CPU
		{26875BDD-4880-4367-AFE1-F3BA3BF0AE4C}.Debug|x64.ActiveCfg = Debug|Any CPU
		{26875BDD-4880-4367-AFE1-F3BA3BF0AE4C}.Debug|x64.Build.0 = Debug|Any CPU
		{26875BDD-4880-4367-AFE1-F3BA3BF0AE4C}.Debug|x86.ActiveCfg = Debug|Any CPU
		{26875BDD-4880-4367-AFE1-F3BA3BF0AE4C}.Debug|x86.Build.0 = Debug|Any CPU
		{26875BDD-4880-4367-AFE1-F3BA3BF0AE4C}.Release|Any CPU.ActiveCfg = Release|Any CPU
		{26875BDD-4880-4367-AFE1-F3BA3BF0AE4C}.Release|Any CPU.Build.0 = Release|Any CPU
		{26875BDD-4880-4367-AFE1-F3BA3BF0AE4C}.Release|x64.ActiveCfg = Release|Any CPU
		{26875BDD-4880-4367-AFE1-F3BA3BF0AE4C}.Release|x64.Build.0 = Release|Any CPU
		{26875BDD-4880-4367-AFE1-F3BA3BF0AE4C}.Release|x86.ActiveCfg = Release|Any CPU
		{26875BDD-4880-4367-AFE1-F3BA3BF0AE4C}.Release|x86.Build.0 = Release|Any CPU
		{07715F64-3E50-49DE-A0B7-E4C98C7F4671}.Debug|Any CPU.ActiveCfg = Debug|Any CPU
		{07715F64-3E50-49DE-A0B7-E4C98C7F4671}.Debug|Any CPU.Build.0 = Debug|Any CPU
		{07715F64-3E50-49DE-A0B7-E4C98C7F4671}.Debug|x64.ActiveCfg = Debug|Any CPU
		{07715F64-3E50-49DE-A0B7-E4C98C7F4671}.Debug|x64.Build.0 = Debug|Any CPU
		{07715F64-3E50-49DE-A0B7-E4C98C7F4671}.Debug|x86.ActiveCfg = Debug|Any CPU
		{07715F64-3E50-49DE-A0B7-E4C98C7F4671}.Debug|x86.Build.0 = Debug|Any CPU
		{07715F64-3E50-49DE-A0B7-E4C98C7F4671}.Release|Any CPU.ActiveCfg = Release|Any CPU
		{07715F64-3E50-49DE-A0B7-E4C98C7F4671}.Release|Any CPU.Build.0 = Release|Any CPU
		{07715F64-3E50-49DE-A0B7-E4C98C7F4671}.Release|x64.ActiveCfg = Release|Any CPU
		{07715F64-3E50-49DE-A0B7-E4C98C7F4671}.Release|x64.Build.0 = Release|Any CPU
		{07715F64-3E50-49DE-A0B7-E4C98C7F4671}.Release|x86.ActiveCfg = Release|Any CPU
		{07715F64-3E50-49DE-A0B7-E4C98C7F4671}.Release|x86.Build.0 = Release|Any CPU
		{98B8B918-EF89-4C3B-8093-1E067537D91C}.Debug|Any CPU.ActiveCfg = Debug|Any CPU
		{98B8B918-EF89-4C3B-8093-1E067537D91C}.Debug|Any CPU.Build.0 = Debug|Any CPU
		{98B8B918-EF89-4C3B-8093-1E067537D91C}.Debug|x64.ActiveCfg = Debug|Any CPU
		{98B8B918-EF89-4C3B-8093-1E067537D91C}.Debug|x64.Build.0 = Debug|Any CPU
		{98B8B918-EF89-4C3B-8093-1E067537D91C}.Debug|x86.ActiveCfg = Debug|Any CPU
		{98B8B918-EF89-4C3B-8093-1E067537D91C}.Debug|x86.Build.0 = Debug|Any CPU
		{98B8B918-EF89-4C3B-8093-1E067537D91C}.Release|Any CPU.ActiveCfg = Release|Any CPU
		{98B8B918-EF89-4C3B-8093-1E067537D91C}.Release|Any CPU.Build.0 = Release|Any CPU
		{98B8B918-EF89-4C3B-8093-1E067537D91C}.Release|x64.ActiveCfg = Release|Any CPU
		{98B8B918-EF89-4C3B-8093-1E067537D91C}.Release|x64.Build.0 = Release|Any CPU
		{98B8B918-EF89-4C3B-8093-1E067537D91C}.Release|x86.ActiveCfg = Release|Any CPU
		{98B8B918-EF89-4C3B-8093-1E067537D91C}.Release|x86.Build.0 = Release|Any CPU
		{9F59647E-2DDF-411A-8F83-9298E7A4F389}.Debug|Any CPU.ActiveCfg = Debug|Any CPU
		{9F59647E-2DDF-411A-8F83-9298E7A4F389}.Debug|Any CPU.Build.0 = Debug|Any CPU
		{9F59647E-2DDF-411A-8F83-9298E7A4F389}.Debug|x64.ActiveCfg = Debug|Any CPU
		{9F59647E-2DDF-411A-8F83-9298E7A4F389}.Debug|x64.Build.0 = Debug|Any CPU
		{9F59647E-2DDF-411A-8F83-9298E7A4F389}.Debug|x86.ActiveCfg = Debug|Any CPU
		{9F59647E-2DDF-411A-8F83-9298E7A4F389}.Debug|x86.Build.0 = Debug|Any CPU
		{9F59647E-2DDF-411A-8F83-9298E7A4F389}.Release|Any CPU.ActiveCfg = Release|Any CPU
		{9F59647E-2DDF-411A-8F83-9298E7A4F389}.Release|Any CPU.Build.0 = Release|Any CPU
		{9F59647E-2DDF-411A-8F83-9298E7A4F389}.Release|x64.ActiveCfg = Release|Any CPU
		{9F59647E-2DDF-411A-8F83-9298E7A4F389}.Release|x64.Build.0 = Release|Any CPU
		{9F59647E-2DDF-411A-8F83-9298E7A4F389}.Release|x86.ActiveCfg = Release|Any CPU
		{9F59647E-2DDF-411A-8F83-9298E7A4F389}.Release|x86.Build.0 = Release|Any CPU
		{BA4C65D8-C3CC-4E21-A77B-32334F0BEA69}.Debug|Any CPU.ActiveCfg = Debug|Any CPU
		{BA4C65D8-C3CC-4E21-A77B-32334F0BEA69}.Debug|Any CPU.Build.0 = Debug|Any CPU
		{BA4C65D8-C3CC-4E21-A77B-32334F0BEA69}.Debug|x64.ActiveCfg = Debug|Any CPU
		{BA4C65D8-C3CC-4E21-A77B-32334F0BEA69}.Debug|x64.Build.0 = Debug|Any CPU
		{BA4C65D8-C3CC-4E21-A77B-32334F0BEA69}.Debug|x86.ActiveCfg = Debug|Any CPU
		{BA4C65D8-C3CC-4E21-A77B-32334F0BEA69}.Debug|x86.Build.0 = Debug|Any CPU
		{BA4C65D8-C3CC-4E21-A77B-32334F0BEA69}.Release|Any CPU.ActiveCfg = Release|Any CPU
		{BA4C65D8-C3CC-4E21-A77B-32334F0BEA69}.Release|Any CPU.Build.0 = Release|Any CPU
		{BA4C65D8-C3CC-4E21-A77B-32334F0BEA69}.Release|x64.ActiveCfg = Release|Any CPU
		{BA4C65D8-C3CC-4E21-A77B-32334F0BEA69}.Release|x64.Build.0 = Release|Any CPU
		{BA4C65D8-C3CC-4E21-A77B-32334F0BEA69}.Release|x86.ActiveCfg = Release|Any CPU
		{BA4C65D8-C3CC-4E21-A77B-32334F0BEA69}.Release|x86.Build.0 = Release|Any CPU
		{E4A4C883-7FB8-4DFD-81E4-F4F6F894B29F}.Debug|Any CPU.ActiveCfg = Debug|Any CPU
		{E4A4C883-7FB8-4DFD-81E4-F4F6F894B29F}.Debug|Any CPU.Build.0 = Debug|Any CPU
		{E4A4C883-7FB8-4DFD-81E4-F4F6F894B29F}.Debug|x64.ActiveCfg = Debug|Any CPU
		{E4A4C883-7FB8-4DFD-81E4-F4F6F894B29F}.Debug|x64.Build.0 = Debug|Any CPU
		{E4A4C883-7FB8-4DFD-81E4-F4F6F894B29F}.Debug|x86.ActiveCfg = Debug|Any CPU
		{E4A4C883-7FB8-4DFD-81E4-F4F6F894B29F}.Debug|x86.Build.0 = Debug|Any CPU
		{E4A4C883-7FB8-4DFD-81E4-F4F6F894B29F}.Release|Any CPU.ActiveCfg = Release|Any CPU
		{E4A4C883-7FB8-4DFD-81E4-F4F6F894B29F}.Release|Any CPU.Build.0 = Release|Any CPU
		{E4A4C883-7FB8-4DFD-81E4-F4F6F894B29F}.Release|x64.ActiveCfg = Release|Any CPU
		{E4A4C883-7FB8-4DFD-81E4-F4F6F894B29F}.Release|x64.Build.0 = Release|Any CPU
		{E4A4C883-7FB8-4DFD-81E4-F4F6F894B29F}.Release|x86.ActiveCfg = Release|Any CPU
		{E4A4C883-7FB8-4DFD-81E4-F4F6F894B29F}.Release|x86.Build.0 = Release|Any CPU
		{85485534-E1EE-4EB1-BC2A-48EB82F3EAE5}.Debug|Any CPU.ActiveCfg = Debug|Any CPU
		{85485534-E1EE-4EB1-BC2A-48EB82F3EAE5}.Debug|Any CPU.Build.0 = Debug|Any CPU
		{85485534-E1EE-4EB1-BC2A-48EB82F3EAE5}.Debug|x64.ActiveCfg = Debug|Any CPU
		{85485534-E1EE-4EB1-BC2A-48EB82F3EAE5}.Debug|x64.Build.0 = Debug|Any CPU
		{85485534-E1EE-4EB1-BC2A-48EB82F3EAE5}.Debug|x86.ActiveCfg = Debug|Any CPU
		{85485534-E1EE-4EB1-BC2A-48EB82F3EAE5}.Debug|x86.Build.0 = Debug|Any CPU
		{85485534-E1EE-4EB1-BC2A-48EB82F3EAE5}.Release|Any CPU.ActiveCfg = Release|Any CPU
		{85485534-E1EE-4EB1-BC2A-48EB82F3EAE5}.Release|Any CPU.Build.0 = Release|Any CPU
		{85485534-E1EE-4EB1-BC2A-48EB82F3EAE5}.Release|x64.ActiveCfg = Release|Any CPU
		{85485534-E1EE-4EB1-BC2A-48EB82F3EAE5}.Release|x64.Build.0 = Release|Any CPU
		{85485534-E1EE-4EB1-BC2A-48EB82F3EAE5}.Release|x86.ActiveCfg = Release|Any CPU
		{85485534-E1EE-4EB1-BC2A-48EB82F3EAE5}.Release|x86.Build.0 = Release|Any CPU
		{8C33E7F3-2093-4479-8399-07DB1D8FEAD8}.Debug|Any CPU.ActiveCfg = Debug|Any CPU
		{8C33E7F3-2093-4479-8399-07DB1D8FEAD8}.Debug|Any CPU.Build.0 = Debug|Any CPU
		{8C33E7F3-2093-4479-8399-07DB1D8FEAD8}.Debug|x64.ActiveCfg = Debug|Any CPU
		{8C33E7F3-2093-4479-8399-07DB1D8FEAD8}.Debug|x64.Build.0 = Debug|Any CPU
		{8C33E7F3-2093-4479-8399-07DB1D8FEAD8}.Debug|x86.ActiveCfg = Debug|Any CPU
		{8C33E7F3-2093-4479-8399-07DB1D8FEAD8}.Debug|x86.Build.0 = Debug|Any CPU
		{8C33E7F3-2093-4479-8399-07DB1D8FEAD8}.Release|Any CPU.ActiveCfg = Release|Any CPU
		{8C33E7F3-2093-4479-8399-07DB1D8FEAD8}.Release|Any CPU.Build.0 = Release|Any CPU
		{8C33E7F3-2093-4479-8399-07DB1D8FEAD8}.Release|x64.ActiveCfg = Release|Any CPU
		{8C33E7F3-2093-4479-8399-07DB1D8FEAD8}.Release|x64.Build.0 = Release|Any CPU
		{8C33E7F3-2093-4479-8399-07DB1D8FEAD8}.Release|x86.ActiveCfg = Release|Any CPU
		{8C33E7F3-2093-4479-8399-07DB1D8FEAD8}.Release|x86.Build.0 = Release|Any CPU
		{BFC464AB-2292-4EAE-8714-E813CC55C87C}.Debug|Any CPU.ActiveCfg = Debug|Any CPU
		{BFC464AB-2292-4EAE-8714-E813CC55C87C}.Debug|Any CPU.Build.0 = Debug|Any CPU
		{BFC464AB-2292-4EAE-8714-E813CC55C87C}.Debug|x64.ActiveCfg = Debug|Any CPU
		{BFC464AB-2292-4EAE-8714-E813CC55C87C}.Debug|x64.Build.0 = Debug|Any CPU
		{BFC464AB-2292-4EAE-8714-E813CC55C87C}.Debug|x86.ActiveCfg = Debug|Any CPU
		{BFC464AB-2292-4EAE-8714-E813CC55C87C}.Debug|x86.Build.0 = Debug|Any CPU
		{BFC464AB-2292-4EAE-8714-E813CC55C87C}.Release|Any CPU.ActiveCfg = Release|Any CPU
		{BFC464AB-2292-4EAE-8714-E813CC55C87C}.Release|Any CPU.Build.0 = Release|Any CPU
		{BFC464AB-2292-4EAE-8714-E813CC55C87C}.Release|x64.ActiveCfg = Release|Any CPU
		{BFC464AB-2292-4EAE-8714-E813CC55C87C}.Release|x64.Build.0 = Release|Any CPU
		{BFC464AB-2292-4EAE-8714-E813CC55C87C}.Release|x86.ActiveCfg = Release|Any CPU
		{BFC464AB-2292-4EAE-8714-E813CC55C87C}.Release|x86.Build.0 = Release|Any CPU
		{5589283E-98C3-47D1-A109-66279AEDA94B}.Debug|Any CPU.ActiveCfg = Debug|Any CPU
		{5589283E-98C3-47D1-A109-66279AEDA94B}.Debug|Any CPU.Build.0 = Debug|Any CPU
		{5589283E-98C3-47D1-A109-66279AEDA94B}.Debug|x64.ActiveCfg = Debug|Any CPU
		{5589283E-98C3-47D1-A109-66279AEDA94B}.Debug|x64.Build.0 = Debug|Any CPU
		{5589283E-98C3-47D1-A109-66279AEDA94B}.Debug|x86.ActiveCfg = Debug|Any CPU
		{5589283E-98C3-47D1-A109-66279AEDA94B}.Debug|x86.Build.0 = Debug|Any CPU
		{5589283E-98C3-47D1-A109-66279AEDA94B}.Release|Any CPU.ActiveCfg = Release|Any CPU
		{5589283E-98C3-47D1-A109-66279AEDA94B}.Release|Any CPU.Build.0 = Release|Any CPU
		{5589283E-98C3-47D1-A109-66279AEDA94B}.Release|x64.ActiveCfg = Release|Any CPU
		{5589283E-98C3-47D1-A109-66279AEDA94B}.Release|x64.Build.0 = Release|Any CPU
		{5589283E-98C3-47D1-A109-66279AEDA94B}.Release|x86.ActiveCfg = Release|Any CPU
		{5589283E-98C3-47D1-A109-66279AEDA94B}.Release|x86.Build.0 = Release|Any CPU
	EndGlobalSection
	GlobalSection(SolutionProperties) = preSolution
		HideSolutionNode = FALSE
	EndGlobalSection
	GlobalSection(NestedProjects) = preSolution
		{B069721A-8225-4C52-BBCB-890A23F5685F} = {B94BC858-A11C-4F99-8F40-6A450B61B984}
		{69CE3768-08F2-4986-B8FF-BCD410B331E4} = {B94BC858-A11C-4F99-8F40-6A450B61B984}
		{E34F344C-9A03-48DC-AA5A-89CEEA4E6CD8} = {B94BC858-A11C-4F99-8F40-6A450B61B984}
		{99848FF3-31FE-4E41-80FF-2186EBE597FD} = {12066A08-A5CA-45C7-B6A8-9CD152DE397E}
		{17727C47-2664-486B-82BC-8C92906AC8DF} = {12066A08-A5CA-45C7-B6A8-9CD152DE397E}
		{464900C1-1764-42F6-A71E-50C6F1A7350C} = {12066A08-A5CA-45C7-B6A8-9CD152DE397E}
		{E1F8084C-EF62-45F8-9F16-713B80EBCFB0} = {BCAB9876-729D-4A58-83F4-CCE3968FDFD0}
		{360EDEA4-1C97-4B0B-B430-5C3DAD39E071} = {BCAB9876-729D-4A58-83F4-CCE3968FDFD0}
		{F4A0EC31-9344-43E2-AD56-9189C8BEF552} = {BCAB9876-729D-4A58-83F4-CCE3968FDFD0}
		{4FE05739-9742-4FA7-B4FD-A7C04B827C5A} = {E9C6A397-1239-4C6D-9C61-EA5A623938F9}
		{2B494CE9-B427-4E09-8AD5-EDD91A3F6D88} = {E9C6A397-1239-4C6D-9C61-EA5A623938F9}
		{26875BDD-4880-4367-AFE1-F3BA3BF0AE4C} = {E9C6A397-1239-4C6D-9C61-EA5A623938F9}
		{07715F64-3E50-49DE-A0B7-E4C98C7F4671} = {E15A8367-68C5-4924-8847-860CFEE1E655}
		{98B8B918-EF89-4C3B-8093-1E067537D91C} = {E15A8367-68C5-4924-8847-860CFEE1E655}
		{9F59647E-2DDF-411A-8F83-9298E7A4F389} = {E15A8367-68C5-4924-8847-860CFEE1E655}
		{BA4C65D8-C3CC-4E21-A77B-32334F0BEA69} = {4412CFE0-8B24-42BE-A715-BA2DF20368B6}
		{E4A4C883-7FB8-4DFD-81E4-F4F6F894B29F} = {4412CFE0-8B24-42BE-A715-BA2DF20368B6}
		{85485534-E1EE-4EB1-BC2A-48EB82F3EAE5} = {4412CFE0-8B24-42BE-A715-BA2DF20368B6}
		{8C33E7F3-2093-4479-8399-07DB1D8FEAD8} = {317D39B1-CCBE-4A8E-9BAA-EDBCCE60A52A}
		{BFC464AB-2292-4EAE-8714-E813CC55C87C} = {317D39B1-CCBE-4A8E-9BAA-EDBCCE60A52A}
		{5589283E-98C3-47D1-A109-66279AEDA94B} = {317D39B1-CCBE-4A8E-9BAA-EDBCCE60A52A}
	EndGlobalSection
	GlobalSection(ExtensibilityGlobals) = postSolution
		SolutionGuid = {7EBFC9F7-CD79-436D-82B4-1DDC2089E47C}
	EndGlobalSection
EndGlobal
