
Microsoft Visual Studio Solution File, Format Version 12.00
# Visual Studio Version 17
VisualStudioVersion = 17.11.35303.130
MinimumVisualStudioVersion = 10.0.40219.1
Project("{2150E333-8FDC-42A3-9474-1A3956D46DE8}") = "Task0", "Task0", "{B94BC858-A11C-4F99-8F40-6A450B61B984}"
EndProject
Project("{FAE04EC0-301F-11D3-BF4B-00C04F79EFBC}") = "Tyuiu.RotachAO.Sprint3.Task0.V7", "Tyuiu.RotachAO.Sprint3.Task0.V7\Tyuiu.RotachAO.Sprint3.Task0.V7.csproj", "{B069721A-8225-4C52-BBCB-890A23F5685F}"
EndProject
Project("{FAE04EC0-301F-11D3-BF4B-00C04F79EFBC}") = "Tyuiu.RotachAO.Sprint3.Task0.V7.Lib", "Tyuiu.RotachAO.Sprint3.Task0.V7.Lib\Tyuiu.RotachAO.Sprint3.Task0.V7.Lib.csproj", "{69CE3768-08F2-4986-B8FF-BCD410B331E4}"
EndProject
Project("{FAE04EC0-301F-11D3-BF4B-00C04F79EFBC}") = "Tyuiu.RotachAO.Sprint3.Task0.V7.Test", "Tyuiu.RotachAO.Sprint3.Task0.V7.Test\Tyuiu.RotachAO.Sprint3.Task0.V7.Test.csproj", "{E34F344C-9A03-48DC-AA5A-89CEEA4E6CD8}"
EndProject
Global
	GlobalSection(SolutionProperties) = preSolution
		HideSolutionNode = FALSE
	EndGlobalSection
	GlobalSection(ExtensibilityGlobals) = postSolution
		SolutionGuid = {7EBFC9F7-CD79-436D-82B4-1DDC2089E47C}
	EndGlobalSection
	GlobalSection(SolutionConfigurationPlatforms) = preSolution
		Debug|Any CPU = Debug|Any CPU
		Debug|x64 = Debug|x64
		Debug|x86 = Debug|x86
		Release|Any CPU = Release|Any CPU
		Release|x64 = Release|x64
		Release|x86 = Release|x86
	EndGlobalSection
	GlobalSection(ProjectConfigurationPlatforms) = postSolution
		{B069721A-8225-4C52-BBCB-890A23F5685F}.Debug|Any CPU.ActiveCfg = Debug|Any CPU
		{B069721A-8225-4C52-BBCB-890A23F5685F}.Debug|Any CPU.Build.0 = Debug|Any CPU
		{B069721A-8225-4C52-BBCB-890A23F5685F}.Debug|x64.ActiveCfg = Debug|Any CPU
		{B069721A-8225-4C52-BBCB-890A23F5685F}.Debug|x64.Build.0 = Debug|Any CPU
		{B069721A-8225-4C52-BBCB-890A23F5685F}.Debug|x86.ActiveCfg = Debug|Any CPU
		{B069721A-8225-4C52-BBCB-890A23F5685F}.Debug|x86.Build.0 = Debug|Any CPU
		{B069721A-8225-4C52-BBCB-890A23F5685F}.Release|Any CPU.ActiveCfg = Release|Any CPU
		{B069721A-8225-4C52-BBCB-890A23F5685F}.Release|Any CPU.Build.0 = Release|Any CPU
		{B069721A-8225-4C52-BBCB-890A23F5685F}.Release|x64.ActiveCfg = Release|Any CPU
		{B069721A-8225-4C52-BBCB-890A23F5685F}.Release|x64.Build.0 = Release|Any CPU
		{B069721A-8225-4C52-BBCB-890A23F5685F}.Release|x86.ActiveCfg = Release|Any CPU
		{B069721A-8225-4C52-BBCB-890A23F5685F}.Release|x86.Build.0 = Release|Any CPU
		{69CE3768-08F2-4986-B8FF-BCD410B331E4}.Debug|Any CPU.ActiveCfg = Debug|Any CPU
		{69CE3768-08F2-4986-B8FF-BCD410B331E4}.Debug|Any CPU.Build.0 = Debug|Any CPU
		{69CE3768-08F2-4986-B8FF-BCD410B331E4}.Debug|x64.ActiveCfg = Debug|Any CPU
		{69CE3768-08F2-4986-B8FF-BCD410B331E4}.Debug|x64.Build.0 = Debug|Any CPU
		{69CE3768-08F2-4986-B8FF-BCD410B331E4}.Debug|x86.ActiveCfg = Debug|Any CPU
		{69CE3768-08F2-4986-B8FF-BCD410B331E4}.Debug|x86.Build.0 = Debug|Any CPU
		{69CE3768-08F2-4986-B8FF-BCD410B331E4}.Release|Any CPU.ActiveCfg = Release|Any CPU
		{69CE3768-08F2-4986-B8FF-BCD410B331E4}.Release|Any CPU.Build.0 = Release|Any CPU
		{69CE3768-08F2-4986-B8FF-BCD410B331E4}.Release|x64.ActiveCfg = Release|Any CPU
		{69CE3768-08F2-4986-B8FF-BCD410B331E4}.Release|x64.Build.0 = Release|Any CPU
		{69CE3768-08F2-4986-B8FF-BCD410B331E4}.Release|x86.ActiveCfg = Release|Any CPU
		{69CE3768-08F2-4986-B8FF-BCD410B331E4}.Release|x86.Build.0 = Release|Any CPU
		{E34F344C-9A03-48DC-AA5A-89CEEA4E6CD8}.Debug|Any CPU.ActiveCfg = Debug|Any CPU
		{E34F344C-9A03-48DC-AA5A-89CEEA4E6CD8}.Debug|Any CPU.Build.0 = Debug|Any CPU
		{E34F344C-9A03-48DC-AA5A-89CEEA4E6CD8}.Debug|x64.ActiveCfg = Debug|Any CPU
		{E34F344C-9A03-48DC-AA5A-89CEEA4E6CD8}.Debug|x64.Build.0 = Debug|Any CPU
		{E34F344C-9A03-48DC-AA5A-89CEEA4E6CD8}.Debug|x86.ActiveCfg = Debug|Any CPU
		{E34F344C-9A03-48DC-AA5A-89CEEA4E6CD8}.Debug|x86.Build.0 = Debug|Any CPU
		{E34F344C-9A03-48DC-AA5A-89CEEA4E6CD8}.Release|Any CPU.ActiveCfg = Release|Any CPU
		{E34F344C-9A03-48DC-AA5A-89CEEA4E6CD8}.Release|Any CPU.Build.0 = Release|Any CPU
		{E34F344C-9A03-48DC-AA5A-89CEEA4E6CD8}.Release|x64.ActiveCfg = Release|Any CPU
		{E34F344C-9A03-48DC-AA5A-89CEEA4E6CD8}.Release|x64.Build.0 = Release|Any CPU
		{E34F344C-9A03-48DC-AA5A-89CEEA4E6CD8}.Release|x86.ActiveCfg = Release|Any CPU
		{E34F344C-9A03-48DC-AA5A-89CEEA4E6CD8}.Release|x86.Build.0 = Release|Any CPU
	EndGlobalSection
	GlobalSection(NestedProjects) = preSolution
		{B069721A-8225-4C52-BBCB-890A23F5685F} = {B94BC858-A11C-4F99-8F40-6A450B61B984}
		{69CE3768-08F2-4986-B8FF-BCD410B331E4} = {B94BC858-A11C-4F99-8F40-6A450B61B984}
		{E34F344C-9A03-48DC-AA5A-89CEEA4E6CD8} = {B94BC858-A11C-4F99-8F40-6A450B61B984}
	EndGlobalSection
EndGlobal
